// !$*UTF8*$!
{
	archiveVersion = 1;
	classes = {
	};
	objectVersion = 56;
	objects = {

/* Begin PBXBuildFile section */
		A10000010000000000000001 /* PresentApp.swift in Sources */ = {isa = PBXBuildFile; fileRef = A20000010000000000000001 /* PresentApp.swift */; };
		A10000010000000000000002 /* ContentView.swift in Sources */ = {isa = PBXBuildFile; fileRef = A20000010000000000000002 /* ContentView.swift */; };
		A10000010000000000000003 /* WebView.swift in Sources */ = {isa = PBXBuildFile; fileRef = A20000010000000000000003 /* WebView.swift */; };
		A10000010000000000000004 /* PresentationWindow.swift in Sources */ = {isa = PBXBuildFile; fileRef = A20000010000000000000004 /* PresentationWindow.swift */; };
		A10000010000000000000005 /* Slide.swift in Sources */ = {isa = PBXBuildFile; fileRef = A20000010000000000000005 /* Slide.swift */; };
		A10000010000000000000006 /* RemoteServer.swift in Sources */ = {isa = PBXBuildFile; fileRef = A20000010000000000000007 /* RemoteServer.swift */; };
		A10000010000000000000007 /* Assets.xcassets in Resources */ = {isa = PBXBuildFile; fileRef = A20000010000000000000008 /* Assets.xcassets */; };
		A10000010000000000000008 /* MarkdownSlide.swift in Sources */ = {isa = PBXBuildFile; fileRef = A20000010000000000000009 /* MarkdownSlide.swift */; };
		A10000010000000000000009 /* RemoteControlView.swift in Sources */ = {isa = PBXBuildFile; fileRef = A2000001000000000000000A /* RemoteControlView.swift */; };
		A1000001000000000000000A /* PresentationKeymap.swift in Sources */ = {isa = PBXBuildFile; fileRef = A2000001000000000000000B /* PresentationKeymap.swift */; };
		A1000001000000000000000B /* FileWatcher.swift in Sources */ = {isa = PBXBuildFile; fileRef = A2000001000000000000000C /* FileWatcher.swift */; };
		B10000010000000000000008 /* PresentationKeymap.swift in Sources */ = {isa = PBXBuildFile; fileRef = A2000001000000000000000B /* PresentationKeymap.swift */; };
		B10000010000000000000009 /* PresentationKeymapTests.swift in Sources */ = {isa = PBXBuildFile; fileRef = B20000010000000000000005 /* PresentationKeymapTests.swift */; };
		B10000010000000000000001 /* PresentationStateTests.swift in Sources */ = {isa = PBXBuildFile; fileRef = B20000010000000000000001 /* PresentationStateTests.swift */; };
		B10000010000000000000002 /* SlideTests.swift in Sources */ = {isa = PBXBuildFile; fileRef = B20000010000000000000002 /* SlideTests.swift */; };
		B10000010000000000000003 /* MarkdownSlideTests.swift in Sources */ = {isa = PBXBuildFile; fileRef = B20000010000000000000003 /* MarkdownSlideTests.swift */; };
		B10000010000000000000004 /* Slide.swift in Sources */ = {isa = PBXBuildFile; fileRef = A20000010000000000000005 /* Slide.swift */; };
		B10000010000000000000005 /* MarkdownSlide.swift in Sources */ = {isa = PBXBuildFile; fileRef = A20000010000000000000009 /* MarkdownSlide.swift */; };
		B10000010000000000000006 /* RemoteServer.swift in Sources */ = {isa = PBXBuildFile; fileRef = A20000010000000000000007 /* RemoteServer.swift */; };
		B10000010000000000000007 /* RemoteServerTests.swift in Sources */ = {isa = PBXBuildFile; fileRef = B20000010000000000000004 /* RemoteServerTests.swift */; };
/* End PBXBuildFile section */

/* Begin PBXFileReference section */
		A20000010000000000000001 /* PresentApp.swift */ = {isa = PBXFileReference; lastKnownFileType = sourcecode.swift; path = PresentApp.swift; sourceTree = "<group>"; };
		A20000010000000000000002 /* ContentView.swift */ = {isa = PBXFileReference; lastKnownFileType = sourcecode.swift; path = ContentView.swift; sourceTree = "<group>"; };
		A20000010000000000000003 /* WebView.swift */ = {isa = PBXFileReference; lastKnownFileType = sourcecode.swift; path = WebView.swift; sourceTree = "<group>"; };
		A20000010000000000000004 /* PresentationWindow.swift */ = {isa = PBXFileReference; lastKnownFileType = sourcecode.swift; path = PresentationWindow.swift; sourceTree = "<group>"; };
		A20000010000000000000005 /* Slide.swift */ = {isa = PBXFileReference; lastKnownFileType = sourcecode.swift; path = Slide.swift; sourceTree = "<group>"; };
		A20000010000000000000006 /* Present.entitlements */ = {isa = PBXFileReference; lastKnownFileType = text.plist.entitlements; path = Present.entitlements; sourceTree = "<group>"; };
		A20000010000000000000007 /* RemoteServer.swift */ = {isa = PBXFileReference; lastKnownFileType = sourcecode.swift; path = RemoteServer.swift; sourceTree = "<group>"; };
		A20000010000000000000008 /* Assets.xcassets */ = {isa = PBXFileReference; lastKnownFileType = folder.assetcatalog; path = Assets.xcassets; sourceTree = "<group>"; };
		A20000010000000000000009 /* MarkdownSlide.swift */ = {isa = PBXFileReference; lastKnownFileType = sourcecode.swift; path = MarkdownSlide.swift; sourceTree = "<group>"; };
		A2000001000000000000000A /* RemoteControlView.swift */ = {isa = PBXFileReference; lastKnownFileType = sourcecode.swift; path = RemoteControlView.swift; sourceTree = "<group>"; };
		A2000001000000000000000B /* PresentationKeymap.swift */ = {isa = PBXFileReference; lastKnownFileType = sourcecode.swift; path = PresentationKeymap.swift; sourceTree = "<group>"; };
		A2000001000000000000000C /* FileWatcher.swift */ = {isa = PBXFileReference; lastKnownFileType = sourcecode.swift; path = FileWatcher.swift; sourceTree = "<group>"; };
		B20000010000000000000005 /* PresentationKeymapTests.swift */ = {isa = PBXFileReference; lastKnownFileType = sourcecode.swift; path = PresentationKeymapTests.swift; sourceTree = "<group>"; };
		A30000010000000000000001 /* Present.app */ = {isa = PBXFileReference; explicitFileType = wrapper.application; includeInIndex = 0; path = Present.app; sourceTree = BUILT_PRODUCTS_DIR; };
		B20000010000000000000001 /* PresentationStateTests.swift */ = {isa = PBXFileReference; lastKnownFileType = sourcecode.swift; path = PresentationStateTests.swift; sourceTree = "<group>"; };
		B20000010000000000000002 /* SlideTests.swift */ = {isa = PBXFileReference; lastKnownFileType = sourcecode.swift; path = SlideTests.swift; sourceTree = "<group>"; };
		B20000010000000000000003 /* MarkdownSlideTests.swift */ = {isa = PBXFileReference; lastKnownFileType = sourcecode.swift; path = MarkdownSlideTests.swift; sourceTree = "<group>"; };
		B20000010000000000000004 /* RemoteServerTests.swift */ = {isa = PBXFileReference; lastKnownFileType = sourcecode.swift; path = RemoteServerTests.swift; sourceTree = "<group>"; };
		B30000010000000000000001 /* PresentTests.xctest */ = {isa = PBXFileReference; explicitFileType = wrapper.cfbundle; includeInIndex = 0; path = PresentTests.xctest; sourceTree = BUILT_PRODUCTS_DIR; };
/* End PBXFileReference section */

/* Begin PBXFrameworksBuildPhase section */
		A40000010000000000000001 /* Frameworks */ = {
			isa = PBXFrameworksBuildPhase;
			buildActionMask = 2147483647;
			files = (
			);
			runOnlyForDeploymentPostprocessing = 0;
		};
		B40000010000000000000002 /* Frameworks */ = {
			isa = PBXFrameworksBuildPhase;
			buildActionMask = 2147483647;
			files = (
			);
			runOnlyForDeploymentPostprocessing = 0;
		};
/* End PBXFrameworksBuildPhase section */

/* Begin PBXResourcesBuildPhase section */
		A40000010000000000000002 /* Resources */ = {
			isa = PBXResourcesBuildPhase;
			buildActionMask = 2147483647;
			files = (
				A10000010000000000000007 /* Assets.xcassets in Resources */,
			);
			runOnlyForDeploymentPostprocessing = 0;
		};
/* End PBXResourcesBuildPhase section */

/* Begin PBXGroup section */
		A50000010000000000000001 = {
			isa = PBXGroup;
			children = (
				A50000010000000000000002 /* Present */,
				B50000010000000000000001 /* PresentTests */,
				A50000010000000000000003 /* Products */,
			);
			sourceTree = "<group>";
		};
		A50000010000000000000002 /* Present */ = {
			isa = PBXGroup;
			children = (
				A20000010000000000000001 /* PresentApp.swift */,
				A20000010000000000000002 /* ContentView.swift */,
				A20000010000000000000003 /* WebView.swift */,
				A20000010000000000000004 /* PresentationWindow.swift */,
				A20000010000000000000005 /* Slide.swift */,
				A20000010000000000000009 /* MarkdownSlide.swift */,
				A20000010000000000000007 /* RemoteServer.swift */,
				A2000001000000000000000A /* RemoteControlView.swift */,
				A2000001000000000000000B /* PresentationKeymap.swift */,
				A2000001000000000000000C /* FileWatcher.swift */,
				A20000010000000000000006 /* Present.entitlements */,
				A20000010000000000000008 /* Assets.xcassets */,
			);
			path = Present;
			sourceTree = "<group>";
		};
		B50000010000000000000001 /* PresentTests */ = {
			isa = PBXGroup;
			children = (
				B20000010000000000000001 /* PresentationStateTests.swift */,
				B20000010000000000000002 /* SlideTests.swift */,
				B20000010000000000000003 /* MarkdownSlideTests.swift */,
				B20000010000000000000004 /* RemoteServerTests.swift */,
				B20000010000000000000005 /* PresentationKeymapTests.swift */,
			);
			path = PresentTests;
			sourceTree = "<group>";
		};
		A50000010000000000000003 /* Products */ = {
			isa = PBXGroup;
			children = (
				A30000010000000000000001 /* Present.app */,
				B30000010000000000000001 /* PresentTests.xctest */,
			);
			name = Products;
			sourceTree = "<group>";
		};
/* End PBXGroup section */

/* Begin PBXNativeTarget section */
		A60000010000000000000001 /* Present */ = {
			isa = PBXNativeTarget;
			buildConfigurationList = A80000010000000000000003 /* Build configuration list for PBXNativeTarget "Present" */;
			buildPhases = (
				A70000010000000000000001 /* Sources */,
				A40000010000000000000001 /* Frameworks */,
				A40000010000000000000002 /* Resources */,
			);
			buildRules = (
			);
			dependencies = (
			);
			name = Present;
			productName = Present;
			productReference = A30000010000000000000001 /* Present.app */;
			productType = "com.apple.product-type.application";
		};
		B60000010000000000000001 /* PresentTests */ = {
			isa = PBXNativeTarget;
			buildConfigurationList = B80000010000000000000001 /* Build configuration list for PBXNativeTarget "PresentTests" */;
			buildPhases = (
				B40000010000000000000001 /* Sources */,
				B40000010000000000000002 /* Frameworks */,
			);
			buildRules = (
			);
			dependencies = (
			);
			name = PresentTests;
			productName = PresentTests;
			productReference = B30000010000000000000001 /* PresentTests.xctest */;
			productType = "com.apple.product-type.bundle.unit-test";
		};
/* End PBXNativeTarget section */

/* Begin PBXProject section */
		A90000010000000000000001 /* Project object */ = {
			isa = PBXProject;
			attributes = {
				BuildIndependentTargetsInParallel = 1;
				LastSwiftUpdateCheck = 1500;
				LastUpgradeCheck = 1500;
			};
			buildConfigurationList = A80000010000000000000001 /* Build configuration list for PBXProject "Present" */;
			compatibilityVersion = "Xcode 14.0";
			developmentRegion = en;
			hasScannedForEncodings = 0;
			knownRegions = (
				en,
				Base,
			);
			mainGroup = A50000010000000000000001;
			productRefGroup = A50000010000000000000003 /* Products */;
			projectDirPath = "";
			projectRoot = "";
			targets = (
				A60000010000000000000001 /* Present */,
				B60000010000000000000001 /* PresentTests */,
			);
		};
/* End PBXProject section */

/* Begin PBXSourcesBuildPhase section */
		A70000010000000000000001 /* Sources */ = {
			isa = PBXSourcesBuildPhase;
			buildActionMask = 2147483647;
			files = (
				A10000010000000000000001 /* PresentApp.swift in Sources */,
				A10000010000000000000002 /* ContentView.swift in Sources */,
				A10000010000000000000003 /* WebView.swift in Sources */,
				A10000010000000000000004 /* PresentationWindow.swift in Sources */,
				A10000010000000000000005 /* Slide.swift in Sources */,
				A10000010000000000000008 /* MarkdownSlide.swift in Sources */,
				A10000010000000000000009 /* RemoteControlView.swift in Sources */,
				A1000001000000000000000A /* PresentationKeymap.swift in Sources */,
				A10000010000000000000006 /* RemoteServer.swift in Sources */,
				A1000001000000000000000B /* FileWatcher.swift in Sources */,
			);
			runOnlyForDeploymentPostprocessing = 0;
		};
		B40000010000000000000001 /* Sources */ = {
			isa = PBXSourcesBuildPhase;
			buildActionMask = 2147483647;
			files = (
				B10000010000000000000001 /* PresentationStateTests.swift in Sources */,
				B10000010000000000000002 /* SlideTests.swift in Sources */,
				B10000010000000000000003 /* MarkdownSlideTests.swift in Sources */,
				B10000010000000000000004 /* Slide.swift in Sources */,
				B10000010000000000000005 /* MarkdownSlide.swift in Sources */,
				B10000010000000000000006 /* RemoteServer.swift in Sources */,
				B10000010000000000000007 /* RemoteServerTests.swift in Sources */,
				B10000010000000000000008 /* PresentationKeymap.swift in Sources */,
				B10000010000000000000009 /* PresentationKeymapTests.swift in Sources */,
			);
			runOnlyForDeploymentPostprocessing = 0;
		};
/* End PBXSourcesBuildPhase section */

/* Begin XCBuildConfiguration section */
		AA0000010000000000000001 /* Debug */ = {
			isa = XCBuildConfiguration;
			buildSettings = {
				ALWAYS_SEARCH_USER_PATHS = NO;
				ASSETCATALOG_COMPILER_GENERATE_SWIFT_ASSET_SYMBOL_EXTENSIONS = YES;
				CLANG_ANALYZER_NONNULL = YES;
				CLANG_CXX_LANGUAGE_STANDARD = "gnu++20";
				CLANG_ENABLE_MODULES = YES;
				CLANG_ENABLE_OBJC_ARC = YES;
				COPY_PHASE_STRIP = NO;
				DEBUG_INFORMATION_FORMAT = dwarf;
				ENABLE_STRICT_OBJC_MSGSEND = YES;
				ENABLE_TESTABILITY = YES;
				ENABLE_USER_SCRIPT_SANDBOXING = YES;
				GCC_NO_COMMON_BLOCKS = YES;
				GCC_OPTIMIZATION_LEVEL = 0;
				GCC_WARN_ABOUT_RETURN_TYPE = YES_ERROR;
				GCC_WARN_UNINITIALIZED_AUTOS = YES_AGGRESSIVE;
				MACOSX_DEPLOYMENT_TARGET = 14.0;
				MTL_ENABLE_DEBUG_INFO = INCLUDE_SOURCE;
				ONLY_ACTIVE_ARCH = YES;
				SDKROOT = macosx;
				SWIFT_ACTIVE_COMPILATION_CONDITIONS = "DEBUG $(inherited)";
				SWIFT_EMIT_LOC_STRINGS = YES;
				SWIFT_OPTIMIZATION_LEVEL = "-Onone";
				SWIFT_VERSION = 6.0;
			};
			name = Debug;
		};
		AA0000010000000000000002 /* Release */ = {
			isa = XCBuildConfiguration;
			buildSettings = {
				ALWAYS_SEARCH_USER_PATHS = NO;
				ASSETCATALOG_COMPILER_GENERATE_SWIFT_ASSET_SYMBOL_EXTENSIONS = YES;
				CLANG_ANALYZER_NONNULL = YES;
				CLANG_CXX_LANGUAGE_STANDARD = "gnu++20";
				CLANG_ENABLE_MODULES = YES;
				CLANG_ENABLE_OBJC_ARC = YES;
				COPY_PHASE_STRIP = NO;
				DEBUG_INFORMATION_FORMAT = "dwarf-with-dsym";
				ENABLE_NS_ASSERTIONS = NO;
				ENABLE_STRICT_OBJC_MSGSEND = YES;
				ENABLE_USER_SCRIPT_SANDBOXING = YES;
				GCC_NO_COMMON_BLOCKS = YES;
				GCC_WARN_ABOUT_RETURN_TYPE = YES_ERROR;
				GCC_WARN_UNINITIALIZED_AUTOS = YES_AGGRESSIVE;
				MACOSX_DEPLOYMENT_TARGET = 14.0;
				MTL_ENABLE_DEBUG_INFO = NO;
				SDKROOT = macosx;
				SWIFT_COMPILATION_MODE = wholemodule;
				SWIFT_EMIT_LOC_STRINGS = YES;
				SWIFT_VERSION = 6.0;
			};
			name = Release;
		};
		AA0000010000000000000003 /* Debug */ = {
			isa = XCBuildConfiguration;
			buildSettings = {
				ASSETCATALOG_COMPILER_APPICON_NAME = AppIcon;
				CODE_SIGN_ENTITLEMENTS = Present/Present.entitlements;
				CODE_SIGN_STYLE = Automatic;
				COMBINE_HIDPI_IMAGES = YES;
				CURRENT_PROJECT_VERSION = 1;
				DEVELOPMENT_TEAM = "";
				ENABLE_HARDENED_RUNTIME = YES;
				GENERATE_INFOPLIST_FILE = YES;
				INFOPLIST_KEY_LSApplicationCategoryType = "public.app-category.productivity";
				INFOPLIST_KEY_NSHumanReadableCopyright = "";
				LD_RUNPATH_SEARCH_PATHS = (
					"$(inherited)",
					"@executable_path/../Frameworks",
				);
				MARKETING_VERSION = 1.0;
				PRODUCT_BUNDLE_IDENTIFIER = es.jlmirall.present;
				PRODUCT_NAME = "$(TARGET_NAME)";
				SWIFT_VERSION = 6.0;
			};
			name = Debug;
		};
		AA0000010000000000000004 /* Release */ = {
			isa = XCBuildConfiguration;
			buildSettings = {
				ASSETCATALOG_COMPILER_APPICON_NAME = AppIcon;
				CODE_SIGN_ENTITLEMENTS = Present/Present.entitlements;
				CODE_SIGN_STYLE = Automatic;
				COMBINE_HIDPI_IMAGES = YES;
				CURRENT_PROJECT_VERSION = 1;
				DEVELOPMENT_TEAM = "";
				ENABLE_HARDENED_RUNTIME = YES;
				GENERATE_INFOPLIST_FILE = YES;
				INFOPLIST_KEY_LSApplicationCategoryType = "public.app-category.productivity";
				INFOPLIST_KEY_NSHumanReadableCopyright = "";
				LD_RUNPATH_SEARCH_PATHS = (
					"$(inherited)",
					"@executable_path/../Frameworks",
				);
				MARKETING_VERSION = 1.0;
				PRODUCT_BUNDLE_IDENTIFIER = es.jlmirall.present;
				PRODUCT_NAME = "$(TARGET_NAME)";
				SWIFT_VERSION = 6.0;
			};
			name = Release;
		};
		BA0000010000000000000001 /* Debug */ = {
			isa = XCBuildConfiguration;
			buildSettings = {
				ALWAYS_EMBED_SWIFT_STANDARD_LIBRARIES = YES;
				CODE_SIGN_STYLE = Automatic;
				CURRENT_PROJECT_VERSION = 1;
				GENERATE_INFOPLIST_FILE = YES;
				MARKETING_VERSION = 1.0;
				PRODUCT_BUNDLE_IDENTIFIER = es.jlmirall.present.tests;
				PRODUCT_NAME = "$(TARGET_NAME)";
				SWIFT_VERSION = 6.0;
			};
			name = Debug;
		};
		BA0000010000000000000002 /* Release */ = {
			isa = XCBuildConfiguration;
			buildSettings = {
				ALWAYS_EMBED_SWIFT_STANDARD_LIBRARIES = YES;
				CODE_SIGN_STYLE = Automatic;
				CURRENT_PROJECT_VERSION = 1;
				GENERATE_INFOPLIST_FILE = YES;
				MARKETING_VERSION = 1.0;
				PRODUCT_BUNDLE_IDENTIFIER = es.jlmirall.present.tests;
				PRODUCT_NAME = "$(TARGET_NAME)";
				SWIFT_VERSION = 6.0;
			};
			name = Release;
		};
/* End XCBuildConfiguration section */

/* Begin XCConfigurationList section */
		A80000010000000000000001 /* Build configuration list for PBXProject "Present" */ = {
			isa = XCConfigurationList;
			buildConfigurations = (
				AA0000010000000000000001 /* Debug */,
				AA0000010000000000000002 /* Release */,
			);
			defaultConfigurationIsVisible = 0;
			defaultConfigurationName = Release;
		};
		A80000010000000000000003 /* Build configuration list for PBXNativeTarget "Present" */ = {
			isa = XCConfigurationList;
			buildConfigurations = (
				AA0000010000000000000003 /* Debug */,
				AA0000010000000000000004 /* Release */,
			);
			defaultConfigurationIsVisible = 0;
			defaultConfigurationName = Release;
		};
		B80000010000000000000001 /* Build configuration list for PBXNativeTarget "PresentTests" */ = {
			isa = XCConfigurationList;
			buildConfigurations = (
				BA0000010000000000000001 /* Debug */,
				BA0000010000000000000002 /* Release */,
			);
			defaultConfigurationIsVisible = 0;
			defaultConfigurationName = Release;
		};
/* End XCConfigurationList section */
	};
	rootObject = A90000010000000000000001 /* Project object */;
}
